
Microsoft Visual Studio Solution File, Format Version 12.00
# Visual Studio Version 16
VisualStudioVersion = 16.0.30114.105
MinimumVisualStudioVersion = 10.0.40219.1
Project("{FAE04EC0-301F-11D3-BF4B-00C04F79EFBC}") = "Variables", "01_Variables\Variables.csproj", "{91060441-7846-4E71-82D9-FE2E7A9457D3}"
EndProject
Project("{FAE04EC0-301F-11D3-BF4B-00C04F79EFBC}") = "BasicTypes", "02_Types\BasicTypes.csproj", "{D37E52E9-29B2-42B4-B9B7-C2C0BB9E20C8}"
EndProject
Project("{FAE04EC0-301F-11D3-BF4B-00C04F79EFBC}") = "Strings", "Challenges\Strings.csproj", "{7D89DFCB-AD39-48ED-B843-81C93016D9BC}"
EndProject
Global
	GlobalSection(SolutionConfigurationPlatforms) = preSolution
		Debug|Any CPU = Debug|Any CPU
		Release|Any CPU = Release|Any CPU
	EndGlobalSection
	GlobalSection(SolutionProperties) = preSolution
		HideSolutionNode = FALSE
	EndGlobalSection
	GlobalSection(ProjectConfigurationPlatforms) = postSolution
		{91060441-7846-4E71-82D9-FE2E7A9457D3}.Debug|Any CPU.ActiveCfg = Debug|Any CPU
		{91060441-7846-4E71-82D9-FE2E7A9457D3}.Debug|Any CPU.Build.0 = Debug|Any CPU
		{91060441-7846-4E71-82D9-FE2E7A9457D3}.Release|Any CPU.ActiveCfg = Release|Any CPU
		{91060441-7846-4E71-82D9-FE2E7A9457D3}.Release|Any CPU.Build.0 = Release|Any CPU
		{D37E52E9-29B2-42B4-B9B7-C2C0BB9E20C8}.Debug|Any CPU.ActiveCfg = Debug|Any CPU
		{D37E52E9-29B2-42B4-B9B7-C2C0BB9E20C8}.Debug|Any CPU.Build.0 = Debug|Any CPU
		{D37E52E9-29B2-42B4-B9B7-C2C0BB9E20C8}.Release|Any CPU.ActiveCfg = Release|Any CPU
		{D37E52E9-29B2-42B4-B9B7-C2C0BB9E20C8}.Release|Any CPU.Build.0 = Release|Any CPU
		{7D89DFCB-AD39-48ED-B843-81C93016D9BC}.Debug|Any CPU.ActiveCfg = Debug|Any CPU
		{7D89DFCB-AD39-48ED-B843-81C93016D9BC}.Debug|Any CPU.Build.0 = Debug|Any CPU
		{7D89DFCB-AD39-48ED-B843-81C93016D9BC}.Release|Any CPU.ActiveCfg = Release|Any CPU
		{7D89DFCB-AD39-48ED-B843-81C93016D9BC}.Release|Any CPU.Build.0 = Release|Any CPU
	EndGlobalSection
EndGlobal
